
Microsoft Visual Studio Solution File, Format Version 12.00
# Visual Studio 14
VisualStudioVersion = 14.0.24720.0
MinimumVisualStudioVersion = 10.0.40219.1
Project("{FAE04EC0-301F-11D3-BF4B-00C04F79EFBC}") = "FizzBuzz", "FizzBuzz\FizzBuzz.csproj", "{B9D3F2F2-95F4-46AF-9DA9-3C327A47474D}"
EndProject
Project("{FAE04EC0-301F-11D3-BF4B-00C04F79EFBC}") = "FizzBuzzTests", "FizzBuzzTests\FizzBuzzTests.csproj", "{6AA31301-C59C-45F1-8C5A-BE30BF08F89E}"
EndProject
Global
	GlobalSection(SolutionConfigurationPlatforms) = preSolution
		Debug|Any CPU = Debug|Any CPU
		Release|Any CPU = Release|Any CPU
	EndGlobalSection
	GlobalSection(ProjectConfigurationPlatforms) = postSolution
		{B9D3F2F2-95F4-46AF-9DA9-3C327A47474D}.Debug|Any CPU.ActiveCfg = Debug|Any CPU
		{B9D3F2F2-95F4-46AF-9DA9-3C327A47474D}.Debug|Any CPU.Build.0 = Debug|Any CPU
		{B9D3F2F2-95F4-46AF-9DA9-3C327A47474D}.Release|Any CPU.ActiveCfg = Release|Any CPU
		{B9D3F2F2-95F4-46AF-9DA9-3C327A47474D}.Release|Any CPU.Build.0 = Release|Any CPU
		{6AA31301-C59C-45F1-8C5A-BE30BF08F89E}.Debug|Any CPU.ActiveCfg = Debug|Any CPU
		{6AA31301-C59C-45F1-8C5A-BE30BF08F89E}.Debug|Any CPU.Build.0 = Debug|Any CPU
		{6AA31301-C59C-45F1-8C5A-BE30BF08F89E}.Release|Any CPU.ActiveCfg = Release|Any CPU
		{6AA31301-C59C-45F1-8C5A-BE30BF08F89E}.Release|Any CPU.Build.0 = Release|Any CPU
	EndGlobalSection
	GlobalSection(SolutionProperties) = preSolution
		HideSolutionNode = FALSE
	EndGlobalSection
EndGlobal
